# This file is generated by running "yarn install" inside your project.
# Manual changes might be lost - proceed with caution!

__metadata:
  version: 8
  cacheKey: 10c0

"@babel/runtime@npm:^7.12.5":
  version: 7.29.2
  resolution: "@babel/runtime@npm:7.29.2"
  checksum: 10c0/30b80a0140d16467792e1bbeb06f655b0dab70407da38dfac7fedae9c859f9ae9d846ef14ad77bd3814c064295fe9b1bc551f1541ea14646ae9f22b71a8bc17a
  languageName: node
  linkType: hard

"balanced-match@npm:^4.0.2":
  version: 4.0.4
  resolution: "balanced-match@npm:4.0.4"
  checksum: 10c0/07e86102a3eb2ee2a6a1a89164f29d0dbaebd28f2ca3f5ca786f36b8b23d9e417eb3be45a4acf754f837be5ac0a2317de90d3fcb7f4f4dc95720a1f36b26a17b
  languageName: node
  linkType: hard

"brace-expansion@npm:^5.0.2":
  version: 5.0.4
  resolution: "brace-expansion@npm:5.0.4"
  dependencies:
    balanced-match: "npm:^4.0.2"
  checksum: 10c0/359cbcfa80b2eb914ca1f3440e92313fbfe7919ee6b274c35db55bec555aded69dac5ee78f102cec90c35f98c20fa43d10936d0cd9978158823c249257e1643a
  languageName: node
  linkType: hard

"date-fns@npm:^3.6.0":
  version: 3.6.0
  resolution: "date-fns@npm:3.6.0"
  checksum: 10c0/0b5fb981590ef2f8e5a3ba6cd6d77faece0ea7f7158948f2eaae7bbb7c80a8f63ae30b01236c2923cf89bb3719c33aeb150c715ea4fe4e86e37dcf06bed42fb6
  languageName: node
  linkType: hard

"decode-uri-component@npm:^0.2.2":
  version: 0.2.2
  resolution: "decode-uri-component@npm:0.2.2"
  checksum: 10c0/1f4fa54eb740414a816b3f6c24818fbfcabd74ac478391e9f4e2282c994127db02010ce804f3d08e38255493cfe68608b3f5c8e09fd6efc4ae46c807691f7a31
  languageName: node
  linkType: hard

"eventemitter3@npm:^5.0.1":
  version: 5.0.4
  resolution: "eventemitter3@npm:5.0.4"
  checksum: 10c0/575b8cac8d709e1473da46f8f15ef311b57ff7609445a7c71af5cd42598583eee6f098fa7a593e30f27e94b8865642baa0689e8fa97c016f742abdb3b1bf6d9a
  languageName: node
  linkType: hard

"filter-obj@npm:^1.1.0":
  version: 1.1.0
  resolution: "filter-obj@npm:1.1.0"
  checksum: 10c0/071e0886b2b50238ca5026c5bbf58c26a7c1a1f720773b8c7813d16ba93d0200de977af14ac143c5ac18f666b2cfc83073f3a5fe6a4e996c49e0863d5500fccf
  languageName: node
  linkType: hard

"glob@npm:^13.0.3":
  version: 13.0.6
  resolution: "glob@npm:13.0.6"
  dependencies:
    minimatch: "npm:^10.2.2"
    minipass: "npm:^7.1.3"
    path-scurry: "npm:^2.0.2"
  checksum: 10c0/269c236f11a9b50357fe7a8c6aadac667e01deb5242b19c84975628f05f4438d8ee1354bb62c5d6c10f37fd59911b54d7799730633a2786660d8c69f1d18120a
  languageName: node
  linkType: hard

"inflection@npm:^3.0.0":
  version: 3.0.2
  resolution: "inflection@npm:3.0.2"
  checksum: 10c0/ac6b635f029b27834313ce30188d74607fe9751c729bf91698675b2fd82489e0195e884d8a9455676064a74b2db77b407d35b56ada0978d0e8194e72202bf7af
  languageName: node
  linkType: hard

"jsonexport@npm:^3.2.0":
  version: 3.2.0
  resolution: "jsonexport@npm:3.2.0"
  bin:
    jsonexport: bin/jsonexport.js
  checksum: 10c0/eaca567412e72facb9bd765586bfcdb0525781eae49af35776c1d7b53a807a51f4bd00aab9c12647337772bbf8be9a0b66a23cada6a8a97365b5ac6296bb81cd
  languageName: node
  linkType: hard

"lodash@npm:^4.17.21":
  version: 4.17.23
  resolution: "lodash@npm:4.17.23"
  checksum: 10c0/1264a90469f5bb95d4739c43eb6277d15b6d9e186df4ac68c3620443160fc669e2f14c11e7d8b2ccf078b81d06147c01a8ccced9aab9f9f63d50dcf8cace6bf6
  languageName: node
  linkType: hard

"lru-cache@npm:^11.0.0":
  version: 11.2.7
  resolution: "lru-cache@npm:11.2.7"
  checksum: 10c0/549cdb59488baa617135fc12159cafb1a97f91079f35093bb3bcad72e849fc64ace636d244212c181dfdf1a99bbfa90757ff303f98561958ee4d0f885d9bd5f7
  languageName: node
  linkType: hard

"minimatch@npm:^10.2.2":
  version: 10.2.4
  resolution: "minimatch@npm:10.2.4"
  dependencies:
    brace-expansion: "npm:^5.0.2"
  checksum: 10c0/35f3dfb7b99b51efd46afd378486889f590e7efb10e0f6a10ba6800428cf65c9a8dedb74427d0570b318d749b543dc4e85f06d46d2858bc8cac7e1eb49a95945
  languageName: node
  linkType: hard

"minipass@npm:^7.1.2, minipass@npm:^7.1.3":
  version: 7.1.3
  resolution: "minipass@npm:7.1.3"
  checksum: 10c0/539da88daca16533211ea5a9ee98dc62ff5742f531f54640dd34429e621955e91cc280a91a776026264b7f9f6735947629f920944e9c1558369e8bf22eb33fbb
  languageName: node
  linkType: hard

"package-json-from-dist@npm:^1.0.1":
  version: 1.0.1
  resolution: "package-json-from-dist@npm:1.0.1"
  checksum: 10c0/62ba2785eb655fec084a257af34dbe24292ab74516d6aecef97ef72d4897310bc6898f6c85b5cd22770eaa1ce60d55a0230e150fb6a966e3ecd6c511e23d164b
  languageName: node
  linkType: hard

"path-scurry@npm:^2.0.2":
  version: 2.0.2
  resolution: "path-scurry@npm:2.0.2"
  dependencies:
    lru-cache: "npm:^11.0.0"
    minipass: "npm:^7.1.2"
  checksum: 10c0/b35ad37cf6557a87fd057121ce2be7695380c9138d93e87ae928609da259ea0a170fac6f3ef1eb3ece8a068e8b7f2f3adf5bb2374cf4d4a57fe484954fcc9482
  languageName: node
  linkType: hard

"prettier@npm:3.8.1":
  version: 3.8.1
  resolution: "prettier@npm:3.8.1"
  bin:
    prettier: bin/prettier.cjs
  checksum: 10c0/33169b594009e48f570471271be7eac7cdcf88a209eed39ac3b8d6d78984039bfa9132f82b7e6ba3b06711f3bfe0222a62a1bfb87c43f50c25a83df1b78a2c42
  languageName: node
  linkType: hard

"query-string@npm:^7.1.3":
  version: 7.1.3
  resolution: "query-string@npm:7.1.3"
  dependencies:
    decode-uri-component: "npm:^0.2.2"
    filter-obj: "npm:^1.1.0"
    split-on-first: "npm:^1.0.0"
    strict-uri-encode: "npm:^2.0.0"
  checksum: 10c0/a896c08e9e0d4f8ffd89a572d11f668c8d0f7df9c27c6f49b92ab31366d3ba0e9c331b9a620ee747893436cd1f2f821a6327e2bc9776bde2402ac6c270b801b2
  languageName: node
  linkType: hard

"ra-core@npm:^5.12.1":
  version: 5.14.4
  resolution: "ra-core@npm:5.14.4"
  dependencies:
    date-fns: "npm:^3.6.0"
    eventemitter3: "npm:^5.0.1"
    inflection: "npm:^3.0.0"
    jsonexport: "npm:^3.2.0"
    lodash: "npm:^4.17.21"
    query-string: "npm:^7.1.3"
    react-error-boundary: "npm:^4.0.13"
    react-is: "npm:^18.2.0 || ^19.0.0"
  peerDependencies:
    "@tanstack/react-query": ^5.83.0
    react: ^18.0.0 || ^19.0.0
    react-dom: ^18.0.0 || ^19.0.0
    react-hook-form: ^7.65.0
    react-router: ^6.28.1 || ^7.1.1
    react-router-dom: ^6.28.1 || ^7.1.1
  checksum: 10c0/11cdde33e089eda5f3e97fdec3c40a10c7ca0edb82df6f613e3f1f5cdff46e852da7af54136aa20eaab0234043a607708451617e1927fa0dc241a06a659614b8
  languageName: node
  linkType: hard

"ra-language-finnish@workspace:.":
  version: 0.0.0-use.local
  resolution: "ra-language-finnish@workspace:."
  dependencies:
    prettier: "npm:3.8.1"
    ra-core: "npm:^5.12.1"
    rimraf: "npm:^6.1.3"
    typescript: "npm:^5.9.3"
  languageName: unknown
  linkType: soft

"react-error-boundary@npm:^4.0.13":
  version: 4.1.2
  resolution: "react-error-boundary@npm:4.1.2"
  dependencies:
    "@babel/runtime": "npm:^7.12.5"
  peerDependencies:
    react: ">=16.13.1"
  checksum: 10c0/0737e5259bed40ce14eb0823b3c7b152171921f2179e604f48f3913490cdc594d6c22d43d7abb4ffb1512c832850228db07aa69d3b941db324953a5e393cb399
  languageName: node
  linkType: hard

"react-is@npm:^18.2.0 || ^19.0.0":
  version: 19.2.4
  resolution: "react-is@npm:19.2.4"
  checksum: 10c0/477a7cfc900f24194606e315fa353856a3a13487ea8eca841678817cad4daef64339ea0d1e84e58459fc75dbe0d9ba00bb0cc626db3d07e0cf31edc64cb4fa37
  languageName: node
  linkType: hard

"rimraf@npm:^6.1.3":
  version: 6.1.3
  resolution: "rimraf@npm:6.1.3"
  dependencies:
    glob: "npm:^13.0.3"
    package-json-from-dist: "npm:^1.0.1"
  bin:
    rimraf: dist/esm/bin.mjs
  checksum: 10c0/4a56537850102e20ba5d5eb49f366b4b7b2435389734b4b8480cf0e0eb0f6f5d0c44120a171aeb0d8f9ab40312a10d2262f3f50acbad803e32caef61b6cf86fc
  languageName: node
  linkType: hard

"split-on-first@npm:^1.0.0":
  version: 1.1.0
  resolution: "split-on-first@npm:1.1.0"
  checksum: 10c0/56df8344f5a5de8521898a5c090023df1d8b8c75be6228f56c52491e0fc1617a5236f2ac3a066adb67a73231eac216ccea7b5b4a2423a543c277cb2f48d24c29
  languageName: node
  linkType: hard

"strict-uri-encode@npm:^2.0.0":
  version: 2.0.0
  resolution: "strict-uri-encode@npm:2.0.0"
  checksum: 10c0/010cbc78da0e2cf833b0f5dc769e21ae74cdc5d5f5bd555f14a4a4876c8ad2c85ab8b5bdf9a722dc71a11dcd3184085e1c3c0bd50ec6bb85fffc0f28cf82597d
  languageName: node
  linkType: hard

"typescript@npm:^5.9.3":
  version: 5.9.3
  resolution: "typescript@npm:5.9.3"
  bin:
    tsc: bin/tsc
    tsserver: bin/tsserver
  checksum: 10c0/6bd7552ce39f97e711db5aa048f6f9995b53f1c52f7d8667c1abdc1700c68a76a308f579cd309ce6b53646deb4e9a1be7c813a93baaf0a28ccd536a30270e1c5
  languageName: node
  linkType: hard

"typescript@patch:typescript@npm%3A^5.9.3#optional!builtin<compat/typescript>":
  version: 5.9.3
  resolution: "typescript@patch:typescript@npm%3A5.9.3#optional!builtin<compat/typescript>::version=5.9.3&hash=5786d5"
  bin:
    tsc: bin/tsc
    tsserver: bin/tsserver
  checksum: 10c0/ad09fdf7a756814dce65bc60c1657b40d44451346858eea230e10f2e95a289d9183b6e32e5c11e95acc0ccc214b4f36289dcad4bf1886b0adb84d711d336a430
  languageName: node
  linkType: hard
