# This file is generated by running "yarn install" inside your project.
# Manual changes might be lost - proceed with caution!

__metadata:
  version: 8
  cacheKey: 10c0

"@babel/runtime@npm:^7.12.5":
  version: 7.29.2
  resolution: "@babel/runtime@npm:7.29.2"
  checksum: 10c0/30b80a0140d16467792e1bbeb06f655b0dab70407da38dfac7fedae9c859f9ae9d846ef14ad77bd3814c064295fe9b1bc551f1541ea14646ae9f22b71a8bc17a
  languageName: node
  linkType: hard

"@nodelib/fs.scandir@npm:2.1.5":
  version: 2.1.5
  resolution: "@nodelib/fs.scandir@npm:2.1.5"
  dependencies:
    "@nodelib/fs.stat": "npm:2.0.5"
    run-parallel: "npm:^1.1.9"
  checksum: 10c0/732c3b6d1b1e967440e65f284bd06e5821fedf10a1bea9ed2bb75956ea1f30e08c44d3def9d6a230666574edbaf136f8cfd319c14fd1f87c66e6a44449afb2eb
  languageName: node
  linkType: hard

"@nodelib/fs.stat@npm:2.0.5, @nodelib/fs.stat@npm:^2.0.2":
  version: 2.0.5
  resolution: "@nodelib/fs.stat@npm:2.0.5"
  checksum: 10c0/88dafe5e3e29a388b07264680dc996c17f4bda48d163a9d4f5c1112979f0ce8ec72aa7116122c350b4e7976bc5566dc3ddb579be1ceaacc727872eb4ed93926d
  languageName: node
  linkType: hard

"@nodelib/fs.walk@npm:^1.2.3":
  version: 1.2.8
  resolution: "@nodelib/fs.walk@npm:1.2.8"
  dependencies:
    "@nodelib/fs.scandir": "npm:2.1.5"
    fastq: "npm:^1.6.0"
  checksum: 10c0/db9de047c3bb9b51f9335a7bb46f4fcfb6829fb628318c12115fbaf7d369bfce71c15b103d1fc3b464812d936220ee9bc1c8f762d032c9f6be9acc99249095b1
  languageName: node
  linkType: hard

"ajv@npm:^8.0.1":
  version: 8.20.0
  resolution: "ajv@npm:8.20.0"
  dependencies:
    fast-deep-equal: "npm:^3.1.3"
    fast-uri: "npm:^3.0.1"
    json-schema-traverse: "npm:^1.0.0"
    require-from-string: "npm:^2.0.2"
  checksum: 10c0/5df9a1c8f83863cde1bd3a9ddb426f599718f88e3dc9153616c79fb28e0be455335830d7f21d745576519f057b371352daa31047b6a33d7036fe08777d60cf2a
  languageName: node
  linkType: hard

"ansi-regex@npm:^5.0.1":
  version: 5.0.1
  resolution: "ansi-regex@npm:5.0.1"
  checksum: 10c0/9a64bb8627b434ba9327b60c027742e5d17ac69277960d041898596271d992d4d52ba7267a63ca10232e29f6107fc8a835f6ce8d719b88c5f8493f8254813737
  languageName: node
  linkType: hard

"ansi-styles@npm:^4.0.0":
  version: 4.3.0
  resolution: "ansi-styles@npm:4.3.0"
  dependencies:
    color-convert: "npm:^2.0.1"
  checksum: 10c0/895a23929da416f2bd3de7e9cb4eabd340949328ab85ddd6e484a637d8f6820d485f53933446f5291c3b760cbc488beb8e88573dd0f9c7daf83dccc8fe81b041
  languageName: node
  linkType: hard

"arg@npm:^5.0.2":
  version: 5.0.2
  resolution: "arg@npm:5.0.2"
  checksum: 10c0/ccaf86f4e05d342af6666c569f844bec426595c567d32a8289715087825c2ca7edd8a3d204e4d2fb2aa4602e09a57d0c13ea8c9eea75aac3dbb4af5514e6800e
  languageName: node
  linkType: hard

"astral-regex@npm:^2.0.0":
  version: 2.0.0
  resolution: "astral-regex@npm:2.0.0"
  checksum: 10c0/f63d439cc383db1b9c5c6080d1e240bd14dae745f15d11ec5da863e182bbeca70df6c8191cffef5deba0b566ef98834610a68be79ac6379c95eeb26e1b310e25
  languageName: node
  linkType: hard

"braces@npm:^3.0.3":
  version: 3.0.3
  resolution: "braces@npm:3.0.3"
  dependencies:
    fill-range: "npm:^7.1.1"
  checksum: 10c0/7c6dfd30c338d2997ba77500539227b9d1f85e388a5f43220865201e407e076783d0881f2d297b9f80951b4c957fcf0b51c1d2d24227631643c3f7c284b0aa04
  languageName: node
  linkType: hard

"color-convert@npm:^2.0.1":
  version: 2.0.1
  resolution: "color-convert@npm:2.0.1"
  dependencies:
    color-name: "npm:~1.1.4"
  checksum: 10c0/37e1150172f2e311fe1b2df62c6293a342ee7380da7b9cfdba67ea539909afbd74da27033208d01d6d5cfc65ee7868a22e18d7e7648e004425441c0f8a15a7d7
  languageName: node
  linkType: hard

"color-name@npm:~1.1.4":
  version: 1.1.4
  resolution: "color-name@npm:1.1.4"
  checksum: 10c0/a1a3f914156960902f46f7f56bc62effc6c94e84b2cae157a526b1c1f74b677a47ec602bf68a61abfa2b42d15b7c5651c6dbe72a43af720bc588dff885b10f95
  languageName: node
  linkType: hard

"date-fns@npm:^3.6.0":
  version: 3.6.0
  resolution: "date-fns@npm:3.6.0"
  checksum: 10c0/0b5fb981590ef2f8e5a3ba6cd6d77faece0ea7f7158948f2eaae7bbb7c80a8f63ae30b01236c2923cf89bb3719c33aeb150c715ea4fe4e86e37dcf06bed42fb6
  languageName: node
  linkType: hard

"decode-uri-component@npm:^0.2.2":
  version: 0.2.2
  resolution: "decode-uri-component@npm:0.2.2"
  checksum: 10c0/1f4fa54eb740414a816b3f6c24818fbfcabd74ac478391e9f4e2282c994127db02010ce804f3d08e38255493cfe68608b3f5c8e09fd6efc4ae46c807691f7a31
  languageName: node
  linkType: hard

"emoji-regex@npm:^8.0.0":
  version: 8.0.0
  resolution: "emoji-regex@npm:8.0.0"
  checksum: 10c0/b6053ad39951c4cf338f9092d7bfba448cdfd46fe6a2a034700b149ac9ffbc137e361cbd3c442297f86bed2e5f7576c1b54cc0a6bf8ef5106cc62f496af35010
  languageName: node
  linkType: hard

"eventemitter3@npm:^5.0.1":
  version: 5.0.4
  resolution: "eventemitter3@npm:5.0.4"
  checksum: 10c0/575b8cac8d709e1473da46f8f15ef311b57ff7609445a7c71af5cd42598583eee6f098fa7a593e30f27e94b8865642baa0689e8fa97c016f742abdb3b1bf6d9a
  languageName: node
  linkType: hard

"fast-deep-equal@npm:^3.1.3":
  version: 3.1.3
  resolution: "fast-deep-equal@npm:3.1.3"
  checksum: 10c0/40dedc862eb8992c54579c66d914635afbec43350afbbe991235fdcb4e3a8d5af1b23ae7e79bef7d4882d0ecee06c3197488026998fb19f72dc95acff1d1b1d0
  languageName: node
  linkType: hard

"fast-glob@npm:^3.3.2":
  version: 3.3.3
  resolution: "fast-glob@npm:3.3.3"
  dependencies:
    "@nodelib/fs.stat": "npm:^2.0.2"
    "@nodelib/fs.walk": "npm:^1.2.3"
    glob-parent: "npm:^5.1.2"
    merge2: "npm:^1.3.0"
    micromatch: "npm:^4.0.8"
  checksum: 10c0/f6aaa141d0d3384cf73cbcdfc52f475ed293f6d5b65bfc5def368b09163a9f7e5ec2b3014d80f733c405f58e470ee0cc451c2937685045cddcdeaa24199c43fe
  languageName: node
  linkType: hard

"fast-uri@npm:^3.0.1":
  version: 3.1.2
  resolution: "fast-uri@npm:3.1.2"
  checksum: 10c0/5b35641895959f3f7ab7a7b1b5542bded159346f25ec9f256817b206d50b64eda5828e90d605a2e2fc645c90519a7259c2bab2c942ee728c88b88e5be21b090d
  languageName: node
  linkType: hard

"fastq@npm:^1.6.0":
  version: 1.20.1
  resolution: "fastq@npm:1.20.1"
  dependencies:
    reusify: "npm:^1.0.4"
  checksum: 10c0/e5dd725884decb1f11e5c822221d76136f239d0236f176fab80b7b8f9e7619ae57e6b4e5b73defc21e6b9ef99437ee7b545cff8e6c2c337819633712fa9d352e
  languageName: node
  linkType: hard

"fill-range@npm:^7.1.1":
  version: 7.1.1
  resolution: "fill-range@npm:7.1.1"
  dependencies:
    to-regex-range: "npm:^5.0.1"
  checksum: 10c0/b75b691bbe065472f38824f694c2f7449d7f5004aa950426a2c28f0306c60db9b880c0b0e4ed819997ffb882d1da02cfcfc819bddc94d71627f5269682edf018
  languageName: node
  linkType: hard

"filter-obj@npm:^1.1.0":
  version: 1.1.0
  resolution: "filter-obj@npm:1.1.0"
  checksum: 10c0/071e0886b2b50238ca5026c5bbf58c26a7c1a1f720773b8c7813d16ba93d0200de977af14ac143c5ac18f666b2cfc83073f3a5fe6a4e996c49e0863d5500fccf
  languageName: node
  linkType: hard

"glob-parent@npm:^5.1.2":
  version: 5.1.2
  resolution: "glob-parent@npm:5.1.2"
  dependencies:
    is-glob: "npm:^4.0.1"
  checksum: 10c0/cab87638e2112bee3f839ef5f6e0765057163d39c66be8ec1602f3823da4692297ad4e972de876ea17c44d652978638d2fd583c6713d0eb6591706825020c9ee
  languageName: node
  linkType: hard

"inflection@npm:^3.0.0":
  version: 3.0.2
  resolution: "inflection@npm:3.0.2"
  checksum: 10c0/ac6b635f029b27834313ce30188d74607fe9751c729bf91698675b2fd82489e0195e884d8a9455676064a74b2db77b407d35b56ada0978d0e8194e72202bf7af
  languageName: node
  linkType: hard

"is-extglob@npm:^2.1.1":
  version: 2.1.1
  resolution: "is-extglob@npm:2.1.1"
  checksum: 10c0/5487da35691fbc339700bbb2730430b07777a3c21b9ebaecb3072512dfd7b4ba78ac2381a87e8d78d20ea08affb3f1971b4af629173a6bf435ff8a4c47747912
  languageName: node
  linkType: hard

"is-fullwidth-code-point@npm:^3.0.0":
  version: 3.0.0
  resolution: "is-fullwidth-code-point@npm:3.0.0"
  checksum: 10c0/bb11d825e049f38e04c06373a8d72782eee0205bda9d908cc550ccb3c59b99d750ff9537982e01733c1c94a58e35400661f57042158ff5e8f3e90cf936daf0fc
  languageName: node
  linkType: hard

"is-glob@npm:^4.0.1":
  version: 4.0.3
  resolution: "is-glob@npm:4.0.3"
  dependencies:
    is-extglob: "npm:^2.1.1"
  checksum: 10c0/17fb4014e22be3bbecea9b2e3a76e9e34ff645466be702f1693e8f1ee1adac84710d0be0bd9f967d6354036fd51ab7c2741d954d6e91dae6bb69714de92c197a
  languageName: node
  linkType: hard

"is-number@npm:^7.0.0":
  version: 7.0.0
  resolution: "is-number@npm:7.0.0"
  checksum: 10c0/b4686d0d3053146095ccd45346461bc8e53b80aeb7671cc52a4de02dbbf7dc0d1d2a986e2fe4ae206984b4d34ef37e8b795ebc4f4295c978373e6575e295d811
  languageName: node
  linkType: hard

"json-schema-traverse@npm:^1.0.0":
  version: 1.0.0
  resolution: "json-schema-traverse@npm:1.0.0"
  checksum: 10c0/71e30015d7f3d6dc1c316d6298047c8ef98a06d31ad064919976583eb61e1018a60a0067338f0f79cabc00d84af3fcc489bd48ce8a46ea165d9541ba17fb30c6
  languageName: node
  linkType: hard

"jsonexport@npm:^3.2.0":
  version: 3.2.0
  resolution: "jsonexport@npm:3.2.0"
  bin:
    jsonexport: bin/jsonexport.js
  checksum: 10c0/eaca567412e72facb9bd765586bfcdb0525781eae49af35776c1d7b53a807a51f4bd00aab9c12647337772bbf8be9a0b66a23cada6a8a97365b5ac6296bb81cd
  languageName: node
  linkType: hard

"lodash.truncate@npm:^4.4.2":
  version: 4.4.2
  resolution: "lodash.truncate@npm:4.4.2"
  checksum: 10c0/4e870d54e8a6c86c8687e057cec4069d2e941446ccab7f40b4d9555fa5872d917d0b6aa73bece7765500a3123f1723bcdba9ae881b679ef120bba9e1a0b0ed70
  languageName: node
  linkType: hard

"lodash@npm:^4.17.21":
  version: 4.18.1
  resolution: "lodash@npm:4.18.1"
  checksum: 10c0/757228fc68805c59789e82185135cf85f05d0b2d3d54631d680ca79ec21944ec8314d4533639a14b8bcfbd97a517e78960933041a5af17ecb693ec6eecb99a27
  languageName: node
  linkType: hard

"merge2@npm:^1.3.0":
  version: 1.4.1
  resolution: "merge2@npm:1.4.1"
  checksum: 10c0/254a8a4605b58f450308fc474c82ac9a094848081bf4c06778200207820e5193726dc563a0d2c16468810516a5c97d9d3ea0ca6585d23c58ccfff2403e8dbbeb
  languageName: node
  linkType: hard

"micromatch@npm:^4.0.8":
  version: 4.0.8
  resolution: "micromatch@npm:4.0.8"
  dependencies:
    braces: "npm:^3.0.3"
    picomatch: "npm:^2.3.1"
  checksum: 10c0/166fa6eb926b9553f32ef81f5f531d27b4ce7da60e5baf8c021d043b27a388fb95e46a8038d5045877881e673f8134122b59624d5cecbd16eb50a42e7a6b5ca8
  languageName: node
  linkType: hard

"picomatch@npm:^2.3.1":
  version: 2.3.2
  resolution: "picomatch@npm:2.3.2"
  checksum: 10c0/a554d1709e59be97d1acb9eaedbbc700a5c03dbd4579807baed95100b00420bc729335440ef15004ae2378984e2487a7c1cebd743cfdb72b6fa9ab69223c0d61
  languageName: node
  linkType: hard

"prettier@npm:3.8.3":
  version: 3.8.3
  resolution: "prettier@npm:3.8.3"
  bin:
    prettier: bin/prettier.cjs
  checksum: 10c0/754816fd7593eb80f6376d7476d463e832c38a12f32775a82683adb6e35b772b1f484d65f19401507b983a8c8a7cd5a4a9f12006bd56491e8f35503473f77473
  languageName: node
  linkType: hard

"query-string@npm:^7.1.3":
  version: 7.1.3
  resolution: "query-string@npm:7.1.3"
  dependencies:
    decode-uri-component: "npm:^0.2.2"
    filter-obj: "npm:^1.1.0"
    split-on-first: "npm:^1.0.0"
    strict-uri-encode: "npm:^2.0.0"
  checksum: 10c0/a896c08e9e0d4f8ffd89a572d11f668c8d0f7df9c27c6f49b92ab31366d3ba0e9c331b9a620ee747893436cd1f2f821a6327e2bc9776bde2402ac6c270b801b2
  languageName: node
  linkType: hard

"queue-microtask@npm:^1.2.2":
  version: 1.2.3
  resolution: "queue-microtask@npm:1.2.3"
  checksum: 10c0/900a93d3cdae3acd7d16f642c29a642aea32c2026446151f0778c62ac089d4b8e6c986811076e1ae180a694cedf077d453a11b58ff0a865629a4f82ab558e102
  languageName: node
  linkType: hard

"ra-core@npm:^5.14.7":
  version: 5.14.7
  resolution: "ra-core@npm:5.14.7"
  dependencies:
    date-fns: "npm:^3.6.0"
    eventemitter3: "npm:^5.0.1"
    inflection: "npm:^3.0.0"
    jsonexport: "npm:^3.2.0"
    lodash: "npm:^4.17.21"
    query-string: "npm:^7.1.3"
    react-error-boundary: "npm:^4.0.13"
    react-is: "npm:^18.2.0 || ^19.0.0"
  peerDependencies:
    "@tanstack/react-query": ^5.83.0
    react: ^18.0.0 || ^19.0.0
    react-dom: ^18.0.0 || ^19.0.0
    react-hook-form: ^7.72.0
    react-router: ^6.28.1 || ^7.1.1
    react-router-dom: ^6.28.1 || ^7.1.1
  checksum: 10c0/354370d00753b06074f8dc14d7188a798de74bac355d09cbe7bb0f6f241ca684afaff82be675754be21444dbfe9152a5c55d410a32a9881d8ca5df0ee7d15fed
  languageName: node
  linkType: hard

"ra-language-finnish@workspace:.":
  version: 0.0.0-use.local
  resolution: "ra-language-finnish@workspace:."
  dependencies:
    prettier: "npm:3.8.3"
    ra-core: "npm:^5.14.7"
    typescript: "npm:^6.0.3"
    zshy: "npm:^0.7.2"
  languageName: unknown
  linkType: soft

"react-error-boundary@npm:^4.0.13":
  version: 4.1.2
  resolution: "react-error-boundary@npm:4.1.2"
  dependencies:
    "@babel/runtime": "npm:^7.12.5"
  peerDependencies:
    react: ">=16.13.1"
  checksum: 10c0/0737e5259bed40ce14eb0823b3c7b152171921f2179e604f48f3913490cdc594d6c22d43d7abb4ffb1512c832850228db07aa69d3b941db324953a5e393cb399
  languageName: node
  linkType: hard

"react-is@npm:^18.2.0 || ^19.0.0":
  version: 19.2.6
  resolution: "react-is@npm:19.2.6"
  checksum: 10c0/263177f370fc156b279d22570dd6e922a0ad641a4a426a4cb70284b8003b00ef532d59f2beca1d22a1ca0b37f85f9077d7733ca5d344ebecd2942e9bc2a2a3c0
  languageName: node
  linkType: hard

"require-from-string@npm:^2.0.2":
  version: 2.0.2
  resolution: "require-from-string@npm:2.0.2"
  checksum: 10c0/aaa267e0c5b022fc5fd4eef49d8285086b15f2a1c54b28240fdf03599cbd9c26049fee3eab894f2e1f6ca65e513b030a7c264201e3f005601e80c49fb2937ce2
  languageName: node
  linkType: hard

"reusify@npm:^1.0.4":
  version: 1.1.0
  resolution: "reusify@npm:1.1.0"
  checksum: 10c0/4eff0d4a5f9383566c7d7ec437b671cc51b25963bd61bf127c3f3d3f68e44a026d99b8d2f1ad344afff8d278a8fe70a8ea092650a716d22287e8bef7126bb2fa
  languageName: node
  linkType: hard

"run-parallel@npm:^1.1.9":
  version: 1.2.0
  resolution: "run-parallel@npm:1.2.0"
  dependencies:
    queue-microtask: "npm:^1.2.2"
  checksum: 10c0/200b5ab25b5b8b7113f9901bfe3afc347e19bb7475b267d55ad0eb86a62a46d77510cb0f232507c9e5d497ebda569a08a9867d0d14f57a82ad5564d991588b39
  languageName: node
  linkType: hard

"slice-ansi@npm:^4.0.0":
  version: 4.0.0
  resolution: "slice-ansi@npm:4.0.0"
  dependencies:
    ansi-styles: "npm:^4.0.0"
    astral-regex: "npm:^2.0.0"
    is-fullwidth-code-point: "npm:^3.0.0"
  checksum: 10c0/6c25678db1270d4793e0327620f1e0f9f5bea4630123f51e9e399191bc52c87d6e6de53ed33538609e5eacbd1fab769fae00f3705d08d029f02102a540648918
  languageName: node
  linkType: hard

"split-on-first@npm:^1.0.0":
  version: 1.1.0
  resolution: "split-on-first@npm:1.1.0"
  checksum: 10c0/56df8344f5a5de8521898a5c090023df1d8b8c75be6228f56c52491e0fc1617a5236f2ac3a066adb67a73231eac216ccea7b5b4a2423a543c277cb2f48d24c29
  languageName: node
  linkType: hard

"strict-uri-encode@npm:^2.0.0":
  version: 2.0.0
  resolution: "strict-uri-encode@npm:2.0.0"
  checksum: 10c0/010cbc78da0e2cf833b0f5dc769e21ae74cdc5d5f5bd555f14a4a4876c8ad2c85ab8b5bdf9a722dc71a11dcd3184085e1c3c0bd50ec6bb85fffc0f28cf82597d
  languageName: node
  linkType: hard

"string-width@npm:^4.2.3":
  version: 4.2.3
  resolution: "string-width@npm:4.2.3"
  dependencies:
    emoji-regex: "npm:^8.0.0"
    is-fullwidth-code-point: "npm:^3.0.0"
    strip-ansi: "npm:^6.0.1"
  checksum: 10c0/1e525e92e5eae0afd7454086eed9c818ee84374bb80328fc41217ae72ff5f065ef1c9d7f72da41de40c75fa8bb3dee63d92373fd492c84260a552c636392a47b
  languageName: node
  linkType: hard

"strip-ansi@npm:^6.0.1":
  version: 6.0.1
  resolution: "strip-ansi@npm:6.0.1"
  dependencies:
    ansi-regex: "npm:^5.0.1"
  checksum: 10c0/1ae5f212a126fe5b167707f716942490e3933085a5ff6c008ab97ab2f272c8025d3aa218b7bd6ab25729ca20cc81cddb252102f8751e13482a5199e873680952
  languageName: node
  linkType: hard

"table@npm:^6.9.0":
  version: 6.9.0
  resolution: "table@npm:6.9.0"
  dependencies:
    ajv: "npm:^8.0.1"
    lodash.truncate: "npm:^4.4.2"
    slice-ansi: "npm:^4.0.0"
    string-width: "npm:^4.2.3"
    strip-ansi: "npm:^6.0.1"
  checksum: 10c0/35646185712bb65985fbae5975dda46696325844b78735f95faefae83e86df0a265277819a3e67d189de6e858c509b54e66ca3958ffd51bde56ef1118d455bf4
  languageName: node
  linkType: hard

"to-regex-range@npm:^5.0.1":
  version: 5.0.1
  resolution: "to-regex-range@npm:5.0.1"
  dependencies:
    is-number: "npm:^7.0.0"
  checksum: 10c0/487988b0a19c654ff3e1961b87f471702e708fa8a8dd02a298ef16da7206692e8552a0250e8b3e8759270f62e9d8314616f6da274734d3b558b1fc7b7724e892
  languageName: node
  linkType: hard

"typescript@npm:^6.0.3":
  version: 6.0.3
  resolution: "typescript@npm:6.0.3"
  bin:
    tsc: bin/tsc
    tsserver: bin/tsserver
  checksum: 10c0/4a25ff5045b984370f48f196b3a0120779b1b343d40b9a68d114ea5e5fff099809b2bb777576991a63a5cd59cf7bffd96ff6fe10afcefbcb8bd6fb96ad4b6606
  languageName: node
  linkType: hard

"typescript@patch:typescript@npm%3A^6.0.3#optional!builtin<compat/typescript>":
  version: 6.0.3
  resolution: "typescript@patch:typescript@npm%3A6.0.3#optional!builtin<compat/typescript>::version=6.0.3&hash=5786d5"
  bin:
    tsc: bin/tsc
    tsserver: bin/tsserver
  checksum: 10c0/2f25c74e65663c248fa1ade2b8459d9ce5372ff9dad07067310f132966ebec1d93f6c42f0baf77a6b6a7a91460463f708e6887013aaade22111037457c6b25df
  languageName: node
  linkType: hard

"zshy@npm:^0.7.2":
  version: 0.7.2
  resolution: "zshy@npm:0.7.2"
  dependencies:
    arg: "npm:^5.0.2"
    fast-glob: "npm:^3.3.2"
    table: "npm:^6.9.0"
  peerDependencies:
    typescript: ">5.5.0"
  bin:
    zshy: dist/index.cjs
  checksum: 10c0/de83218998ea80a25c57ac4b463ecd7d513a3c89c4c046a38c8caf18f985f01fdfb112799eef43ebc3c5ea86d76387e29dc29b04de4a63c35a21de9ea6f7d6ff
  languageName: node
  linkType: hard
