# This file is generated by running "yarn install" inside your project.
# Manual changes might be lost - proceed with caution!

__metadata:
  version: 8
  cacheKey: 10c0

"@babel/runtime@npm:^7.12.5":
  version: 7.29.2
  resolution: "@babel/runtime@npm:7.29.2"
  checksum: 10c0/30b80a0140d16467792e1bbeb06f655b0dab70407da38dfac7fedae9c859f9ae9d846ef14ad77bd3814c064295fe9b1bc551f1541ea14646ae9f22b71a8bc17a
  languageName: node
  linkType: hard

"balanced-match@npm:^4.0.2":
  version: 4.0.4
  resolution: "balanced-match@npm:4.0.4"
  checksum: 10c0/07e86102a3eb2ee2a6a1a89164f29d0dbaebd28f2ca3f5ca786f36b8b23d9e417eb3be45a4acf754f837be5ac0a2317de90d3fcb7f4f4dc95720a1f36b26a17b
  languageName: node
  linkType: hard

"brace-expansion@npm:^5.0.5":
  version: 5.0.6
  resolution: "brace-expansion@npm:5.0.6"
  dependencies:
    balanced-match: "npm:^4.0.2"
  checksum: 10c0/8c919869b90f61d533b341d3340be5ee4413232ea89b8246cbc2f38eb014f1d8182785c98a006eaf6111d02dc9eeffefdc240d5ac158625b2ed084dccd4bbf9b
  languageName: node
  linkType: hard

"date-fns@npm:^3.6.0":
  version: 3.6.0
  resolution: "date-fns@npm:3.6.0"
  checksum: 10c0/0b5fb981590ef2f8e5a3ba6cd6d77faece0ea7f7158948f2eaae7bbb7c80a8f63ae30b01236c2923cf89bb3719c33aeb150c715ea4fe4e86e37dcf06bed42fb6
  languageName: node
  linkType: hard

"decode-uri-component@npm:^0.2.2":
  version: 0.2.2
  resolution: "decode-uri-component@npm:0.2.2"
  checksum: 10c0/1f4fa54eb740414a816b3f6c24818fbfcabd74ac478391e9f4e2282c994127db02010ce804f3d08e38255493cfe68608b3f5c8e09fd6efc4ae46c807691f7a31
  languageName: node
  linkType: hard

"eventemitter3@npm:^5.0.1":
  version: 5.0.4
  resolution: "eventemitter3@npm:5.0.4"
  checksum: 10c0/575b8cac8d709e1473da46f8f15ef311b57ff7609445a7c71af5cd42598583eee6f098fa7a593e30f27e94b8865642baa0689e8fa97c016f742abdb3b1bf6d9a
  languageName: node
  linkType: hard

"filter-obj@npm:^1.1.0":
  version: 1.1.0
  resolution: "filter-obj@npm:1.1.0"
  checksum: 10c0/071e0886b2b50238ca5026c5bbf58c26a7c1a1f720773b8c7813d16ba93d0200de977af14ac143c5ac18f666b2cfc83073f3a5fe6a4e996c49e0863d5500fccf
  languageName: node
  linkType: hard

"glob@npm:^13.0.3":
  version: 13.0.6
  resolution: "glob@npm:13.0.6"
  dependencies:
    minimatch: "npm:^10.2.2"
    minipass: "npm:^7.1.3"
    path-scurry: "npm:^2.0.2"
  checksum: 10c0/269c236f11a9b50357fe7a8c6aadac667e01deb5242b19c84975628f05f4438d8ee1354bb62c5d6c10f37fd59911b54d7799730633a2786660d8c69f1d18120a
  languageName: node
  linkType: hard

"inflection@npm:^3.0.0":
  version: 3.0.2
  resolution: "inflection@npm:3.0.2"
  checksum: 10c0/ac6b635f029b27834313ce30188d74607fe9751c729bf91698675b2fd82489e0195e884d8a9455676064a74b2db77b407d35b56ada0978d0e8194e72202bf7af
  languageName: node
  linkType: hard

"jsonexport@npm:^3.2.0":
  version: 3.2.0
  resolution: "jsonexport@npm:3.2.0"
  bin:
    jsonexport: bin/jsonexport.js
  checksum: 10c0/eaca567412e72facb9bd765586bfcdb0525781eae49af35776c1d7b53a807a51f4bd00aab9c12647337772bbf8be9a0b66a23cada6a8a97365b5ac6296bb81cd
  languageName: node
  linkType: hard

"lodash@npm:^4.17.21":
  version: 4.18.1
  resolution: "lodash@npm:4.18.1"
  checksum: 10c0/757228fc68805c59789e82185135cf85f05d0b2d3d54631d680ca79ec21944ec8314d4533639a14b8bcfbd97a517e78960933041a5af17ecb693ec6eecb99a27
  languageName: node
  linkType: hard

"lru-cache@npm:^11.0.0":
  version: 11.5.0
  resolution: "lru-cache@npm:11.5.0"
  checksum: 10c0/b92c2a7518128dec6b244bf3eb9fd79964d316cdeb12865ebfc2cebb4dfe9b24e3767a3923d71e6eb735f56b557fc55f08f150a53097d7805afb628c90158df4
  languageName: node
  linkType: hard

"minimatch@npm:^10.2.2":
  version: 10.2.5
  resolution: "minimatch@npm:10.2.5"
  dependencies:
    brace-expansion: "npm:^5.0.5"
  checksum: 10c0/6bb058bd6324104b9ec2f763476a35386d05079c1f5fe4fbf1f324a25237cd4534d6813ecd71f48208f4e635c1221899bef94c3c89f7df55698fe373aaae20fd
  languageName: node
  linkType: hard

"minipass@npm:^7.1.2, minipass@npm:^7.1.3":
  version: 7.1.3
  resolution: "minipass@npm:7.1.3"
  checksum: 10c0/539da88daca16533211ea5a9ee98dc62ff5742f531f54640dd34429e621955e91cc280a91a776026264b7f9f6735947629f920944e9c1558369e8bf22eb33fbb
  languageName: node
  linkType: hard

"package-json-from-dist@npm:^1.0.1":
  version: 1.0.1
  resolution: "package-json-from-dist@npm:1.0.1"
  checksum: 10c0/62ba2785eb655fec084a257af34dbe24292ab74516d6aecef97ef72d4897310bc6898f6c85b5cd22770eaa1ce60d55a0230e150fb6a966e3ecd6c511e23d164b
  languageName: node
  linkType: hard

"path-scurry@npm:^2.0.2":
  version: 2.0.2
  resolution: "path-scurry@npm:2.0.2"
  dependencies:
    lru-cache: "npm:^11.0.0"
    minipass: "npm:^7.1.2"
  checksum: 10c0/b35ad37cf6557a87fd057121ce2be7695380c9138d93e87ae928609da259ea0a170fac6f3ef1eb3ece8a068e8b7f2f3adf5bb2374cf4d4a57fe484954fcc9482
  languageName: node
  linkType: hard

"prettier@npm:3.8.3":
  version: 3.8.3
  resolution: "prettier@npm:3.8.3"
  bin:
    prettier: bin/prettier.cjs
  checksum: 10c0/754816fd7593eb80f6376d7476d463e832c38a12f32775a82683adb6e35b772b1f484d65f19401507b983a8c8a7cd5a4a9f12006bd56491e8f35503473f77473
  languageName: node
  linkType: hard

"query-string@npm:^7.1.3":
  version: 7.1.3
  resolution: "query-string@npm:7.1.3"
  dependencies:
    decode-uri-component: "npm:^0.2.2"
    filter-obj: "npm:^1.1.0"
    split-on-first: "npm:^1.0.0"
    strict-uri-encode: "npm:^2.0.0"
  checksum: 10c0/a896c08e9e0d4f8ffd89a572d11f668c8d0f7df9c27c6f49b92ab31366d3ba0e9c331b9a620ee747893436cd1f2f821a6327e2bc9776bde2402ac6c270b801b2
  languageName: node
  linkType: hard

"ra-core@npm:^5.14.7":
  version: 5.14.7
  resolution: "ra-core@npm:5.14.7"
  dependencies:
    date-fns: "npm:^3.6.0"
    eventemitter3: "npm:^5.0.1"
    inflection: "npm:^3.0.0"
    jsonexport: "npm:^3.2.0"
    lodash: "npm:^4.17.21"
    query-string: "npm:^7.1.3"
    react-error-boundary: "npm:^4.0.13"
    react-is: "npm:^18.2.0 || ^19.0.0"
  peerDependencies:
    "@tanstack/react-query": ^5.83.0
    react: ^18.0.0 || ^19.0.0
    react-dom: ^18.0.0 || ^19.0.0
    react-hook-form: ^7.72.0
    react-router: ^6.28.1 || ^7.1.1
    react-router-dom: ^6.28.1 || ^7.1.1
  checksum: 10c0/354370d00753b06074f8dc14d7188a798de74bac355d09cbe7bb0f6f241ca684afaff82be675754be21444dbfe9152a5c55d410a32a9881d8ca5df0ee7d15fed
  languageName: node
  linkType: hard

"ra-language-finnish@workspace:.":
  version: 0.0.0-use.local
  resolution: "ra-language-finnish@workspace:."
  dependencies:
    prettier: "npm:3.8.3"
    ra-core: "npm:^5.14.7"
    rimraf: "npm:^6.1.3"
    typescript: "npm:^6.0.3"
  languageName: unknown
  linkType: soft

"react-error-boundary@npm:^4.0.13":
  version: 4.1.2
  resolution: "react-error-boundary@npm:4.1.2"
  dependencies:
    "@babel/runtime": "npm:^7.12.5"
  peerDependencies:
    react: ">=16.13.1"
  checksum: 10c0/0737e5259bed40ce14eb0823b3c7b152171921f2179e604f48f3913490cdc594d6c22d43d7abb4ffb1512c832850228db07aa69d3b941db324953a5e393cb399
  languageName: node
  linkType: hard

"react-is@npm:^18.2.0 || ^19.0.0":
  version: 19.2.6
  resolution: "react-is@npm:19.2.6"
  checksum: 10c0/263177f370fc156b279d22570dd6e922a0ad641a4a426a4cb70284b8003b00ef532d59f2beca1d22a1ca0b37f85f9077d7733ca5d344ebecd2942e9bc2a2a3c0
  languageName: node
  linkType: hard

"rimraf@npm:^6.1.3":
  version: 6.1.3
  resolution: "rimraf@npm:6.1.3"
  dependencies:
    glob: "npm:^13.0.3"
    package-json-from-dist: "npm:^1.0.1"
  bin:
    rimraf: dist/esm/bin.mjs
  checksum: 10c0/4a56537850102e20ba5d5eb49f366b4b7b2435389734b4b8480cf0e0eb0f6f5d0c44120a171aeb0d8f9ab40312a10d2262f3f50acbad803e32caef61b6cf86fc
  languageName: node
  linkType: hard

"split-on-first@npm:^1.0.0":
  version: 1.1.0
  resolution: "split-on-first@npm:1.1.0"
  checksum: 10c0/56df8344f5a5de8521898a5c090023df1d8b8c75be6228f56c52491e0fc1617a5236f2ac3a066adb67a73231eac216ccea7b5b4a2423a543c277cb2f48d24c29
  languageName: node
  linkType: hard

"strict-uri-encode@npm:^2.0.0":
  version: 2.0.0
  resolution: "strict-uri-encode@npm:2.0.0"
  checksum: 10c0/010cbc78da0e2cf833b0f5dc769e21ae74cdc5d5f5bd555f14a4a4876c8ad2c85ab8b5bdf9a722dc71a11dcd3184085e1c3c0bd50ec6bb85fffc0f28cf82597d
  languageName: node
  linkType: hard

"typescript@npm:^6.0.3":
  version: 6.0.3
  resolution: "typescript@npm:6.0.3"
  bin:
    tsc: bin/tsc
    tsserver: bin/tsserver
  checksum: 10c0/4a25ff5045b984370f48f196b3a0120779b1b343d40b9a68d114ea5e5fff099809b2bb777576991a63a5cd59cf7bffd96ff6fe10afcefbcb8bd6fb96ad4b6606
  languageName: node
  linkType: hard

"typescript@patch:typescript@npm%3A^6.0.3#optional!builtin<compat/typescript>":
  version: 6.0.3
  resolution: "typescript@patch:typescript@npm%3A6.0.3#optional!builtin<compat/typescript>::version=6.0.3&hash=5786d5"
  bin:
    tsc: bin/tsc
    tsserver: bin/tsserver
  checksum: 10c0/2f25c74e65663c248fa1ade2b8459d9ce5372ff9dad07067310f132966ebec1d93f6c42f0baf77a6b6a7a91460463f708e6887013aaade22111037457c6b25df
  languageName: node
  linkType: hard
